// !$*UTF8*$!
{
	archiveVersion = 1;
	classes = {
	};
	objectVersion = 46;
	objects = {

/* Begin PBXBuildFile section */
		781877D71CAD052100758D75 /* main.m in Sources */ = {isa = PBXBuildFile; fileRef = 781877D61CAD052100758D75 /* main.m */; };
		781877DA1CAD052100758D75 /* AppDelegate.m in Sources */ = {isa = PBXBuildFile; fileRef = 781877D91CAD052100758D75 /* AppDelegate.m */; };
		781877DD1CAD052100758D75 /* ViewController.m in Sources */ = {isa = PBXBuildFile; fileRef = 781877DC1CAD052100758D75 /* ViewController.m */; };
		781877E01CAD052100758D75 /* Main.storyboard in Resources */ = {isa = PBXBuildFile; fileRef = 781877DE1CAD052100758D75 /* Main.storyboard */; };
		781877E21CAD052100758D75 /* Assets.xcassets in Resources */ = {isa = PBXBuildFile; fileRef = 781877E11CAD052100758D75 /* Assets.xcassets */; };
		781877E51CAD052100758D75 /* LaunchScreen.storyboard in Resources */ = {isa = PBXBuildFile; fileRef = 781877E31CAD052100758D75 /* LaunchScreen.storyboard */; };
		781877EE1CAD057D00758D75 /* SlideNavigationController.m in Sources */ = {isa = PBXBuildFile; fileRef = 781877ED1CAD057D00758D75 /* SlideNavigationController.m */; };
		781877F11CAD08E000758D75 /* menu-button.png in Resources */ = {isa = PBXBuildFile; fileRef = 781877EF1CAD08E000758D75 /* menu-button.png */; };
		781877F21CAD08E000758D75 /* menu-button@2x.png in Resources */ = {isa = PBXBuildFile; fileRef = 781877F01CAD08E000758D75 /* menu-button@2x.png */; };
		781877F61CAD21BD00758D75 /* ViewController1.m in Sources */ = {isa = PBXBuildFile; fileRef = 781877F41CAD21BC00758D75 /* ViewController1.m */; };
		781877F71CAD21BD00758D75 /* ViewController1.xib in Resources */ = {isa = PBXBuildFile; fileRef = 781877F51CAD21BC00758D75 /* ViewController1.xib */; };
		781877FB1CAD21D000758D75 /* ViewController2.m in Sources */ = {isa = PBXBuildFile; fileRef = 781877F91CAD21D000758D75 /* ViewController2.m */; };
		781877FC1CAD21D000758D75 /* ViewController2.xib in Resources */ = {isa = PBXBuildFile; fileRef = 781877FA1CAD21D000758D75 /* ViewController2.xib */; };
		781877FF1CAD24A300758D75 /* UINavigationController+Slider.m in Sources */ = {isa = PBXBuildFile; fileRef = 781877FE1CAD24A300758D75 /* UINavigationController+Slider.m */; };
/* End PBXBuildFile section */

/* Begin PBXFileReference section */
		781877D21CAD052100758D75 /* Slider_Testing.app */ = {isa = PBXFileReference; explicitFileType = wrapper.application; includeInIndex = 0; path = Slider_Testing.app; sourceTree = BUILT_PRODUCTS_DIR; };
		781877D61CAD052100758D75 /* main.m */ = {isa = PBXFileReference; lastKnownFileType = sourcecode.c.objc; path = main.m; sourceTree = "<group>"; };
		781877D81CAD052100758D75 /* AppDelegate.h */ = {isa = PBXFileReference; lastKnownFileType = sourcecode.c.h; path = AppDelegate.h; sourceTree = "<group>"; };
		781877D91CAD052100758D75 /* AppDelegate.m */ = {isa = PBXFileReference; lastKnownFileType = sourcecode.c.objc; path = AppDelegate.m; sourceTree = "<group>"; };
		781877DB1CAD052100758D75 /* ViewController.h */ = {isa = PBXFileReference; lastKnownFileType = sourcecode.c.h; path = ViewController.h; sourceTree = "<group>"; };
		781877DC1CAD052100758D75 /* ViewController.m */ = {isa = PBXFileReference; lastKnownFileType = sourcecode.c.objc; path = ViewController.m; sourceTree = "<group>"; };
		781877DF1CAD052100758D75 /* Base */ = {isa = PBXFileReference; lastKnownFileType = file.storyboard; name = Base; path = Base.lproj/Main.storyboard; sourceTree = "<group>"; };
		781877E11CAD052100758D75 /* Assets.xcassets */ = {isa = PBXFileReference; lastKnownFileType = folder.assetcatalog; path = Assets.xcassets; sourceTree = "<group>"; };
		781877E41CAD052100758D75 /* Base */ = {isa = PBXFileReference; lastKnownFileType = file.storyboard; name = Base; path = Base.lproj/LaunchScreen.storyboard; sourceTree = "<group>"; };
		781877E61CAD052100758D75 /* Info.plist */ = {isa = PBXFileReference; lastKnownFileType = text.plist.xml; path = Info.plist; sourceTree = "<group>"; };
		781877EC1CAD057D00758D75 /* SlideNavigationController.h */ = {isa = PBXFileReference; fileEncoding = 4; lastKnownFileType = sourcecode.c.h; path = SlideNavigationController.h; sourceTree = "<group>"; };
		781877ED1CAD057D00758D75 /* SlideNavigationController.m */ = {isa = PBXFileReference; fileEncoding = 4; lastKnownFileType = sourcecode.c.objc; path = SlideNavigationController.m; sourceTree = "<group>"; };
		781877EF1CAD08E000758D75 /* menu-button.png */ = {isa = PBXFileReference; lastKnownFileType = image.png; path = "menu-button.png"; sourceTree = "<group>"; };
		781877F01CAD08E000758D75 /* menu-button@2x.png */ = {isa = PBXFileReference; lastKnownFileType = image.png; path = "menu-button@2x.png"; sourceTree = "<group>"; };
		781877F31CAD21BC00758D75 /* ViewController1.h */ = {isa = PBXFileReference; fileEncoding = 4; lastKnownFileType = sourcecode.c.h; path = ViewController1.h; sourceTree = "<group>"; };
		781877F41CAD21BC00758D75 /* ViewController1.m */ = {isa = PBXFileReference; fileEncoding = 4; lastKnownFileType = sourcecode.c.objc; path = ViewController1.m; sourceTree = "<group>"; };
		781877F51CAD21BC00758D75 /* ViewController1.xib */ = {isa = PBXFileReference; fileEncoding = 4; lastKnownFileType = file.xib; path = ViewController1.xib; sourceTree = "<group>"; };
		781877F81CAD21D000758D75 /* ViewController2.h */ = {isa = PBXFileReference; fileEncoding = 4; lastKnownFileType = sourcecode.c.h; path = ViewController2.h; sourceTree = "<group>"; };
		781877F91CAD21D000758D75 /* ViewController2.m */ = {isa = PBXFileReference; fileEncoding = 4; lastKnownFileType = sourcecode.c.objc; path = ViewController2.m; sourceTree = "<group>"; };
		781877FA1CAD21D000758D75 /* ViewController2.xib */ = {isa = PBXFileReference; fileEncoding = 4; lastKnownFileType = file.xib; path = ViewController2.xib; sourceTree = "<group>"; };
		781877FD1CAD24A300758D75 /* UINavigationController+Slider.h */ = {isa = PBXFileReference; fileEncoding = 4; lastKnownFileType = sourcecode.c.h; path = "UINavigationController+Slider.h"; sourceTree = "<group>"; };
		781877FE1CAD24A300758D75 /* UINavigationController+Slider.m */ = {isa = PBXFileReference; fileEncoding = 4; lastKnownFileType = sourcecode.c.objc; path = "UINavigationController+Slider.m"; sourceTree = "<group>"; };
/* End PBXFileReference section */

/* Begin PBXFrameworksBuildPhase section */
		781877CF1CAD052100758D75 /* Frameworks */ = {
			isa = PBXFrameworksBuildPhase;
			buildActionMask = 2147483647;
			files = (
			);
			runOnlyForDeploymentPostprocessing = 0;
		};
/* End PBXFrameworksBuildPhase section */

/* Begin PBXGroup section */
		781877C91CAD052100758D75 = {
			isa = PBXGroup;
			children = (
				781877FD1CAD24A300758D75 /* UINavigationController+Slider.h */,
				781877FE1CAD24A300758D75 /* UINavigationController+Slider.m */,
				781877F81CAD21D000758D75 /* ViewController2.h */,
				781877F91CAD21D000758D75 /* ViewController2.m */,
				781877FA1CAD21D000758D75 /* ViewController2.xib */,
				781877F31CAD21BC00758D75 /* ViewController1.h */,
				781877F41CAD21BC00758D75 /* ViewController1.m */,
				781877F51CAD21BC00758D75 /* ViewController1.xib */,
				781877D41CAD052100758D75 /* Slider_Testing */,
				781877D31CAD052100758D75 /* Products */,
			);
			sourceTree = "<group>";
		};
		781877D31CAD052100758D75 /* Products */ = {
			isa = PBXGroup;
			children = (
				781877D21CAD052100758D75 /* Slider_Testing.app */,
			);
			name = Products;
			sourceTree = "<group>";
		};
		781877D41CAD052100758D75 /* Slider_Testing */ = {
			isa = PBXGroup;
			children = (
				781877EF1CAD08E000758D75 /* menu-button.png */,
				781877F01CAD08E000758D75 /* menu-button@2x.png */,
				781877D81CAD052100758D75 /* AppDelegate.h */,
				781877D91CAD052100758D75 /* AppDelegate.m */,
				781877DB1CAD052100758D75 /* ViewController.h */,
				781877DC1CAD052100758D75 /* ViewController.m */,
				781877DE1CAD052100758D75 /* Main.storyboard */,
				781877E11CAD052100758D75 /* Assets.xcassets */,
				781877E31CAD052100758D75 /* LaunchScreen.storyboard */,
				781877E61CAD052100758D75 /* Info.plist */,
				781877EC1CAD057D00758D75 /* SlideNavigationController.h */,
				781877ED1CAD057D00758D75 /* SlideNavigationController.m */,
				781877D51CAD052100758D75 /* Supporting Files */,
			);
			path = Slider_Testing;
			sourceTree = "<group>";
		};
		781877D51CAD052100758D75 /* Supporting Files */ = {
			isa = PBXGroup;
			children = (
				781877D61CAD052100758D75 /* main.m */,
			);
			name = "Supporting Files";
			sourceTree = "<group>";
		};
/* End PBXGroup section */

/* Begin PBXNativeTarget section */
		781877D11CAD052100758D75 /* Slider_Testing */ = {
			isa = PBXNativeTarget;
			buildConfigurationList = 781877E91CAD052100758D75 /* Build configuration list for PBXNativeTarget "Slider_Testing" */;
			buildPhases = (
				781877CE1CAD052100758D75 /* Sources */,
				781877CF1CAD052100758D75 /* Frameworks */,
				781877D01CAD052100758D75 /* Resources */,
			);
			buildRules = (
			);
			dependencies = (
			);
			name = Slider_Testing;
			productName = Slider_Testing;
			productReference = 781877D21CAD052100758D75 /* Slider_Testing.app */;
			productType = "com.apple.product-type.application";
		};
/* End PBXNativeTarget section */

/* Begin PBXProject section */
		781877CA1CAD052100758D75 /* Project object */ = {
			isa = PBXProject;
			attributes = {
				LastUpgradeCheck = 0730;
				ORGANIZATIONNAME = WanCun;
				TargetAttributes = {
					781877D11CAD052100758D75 = {
						CreatedOnToolsVersion = 7.3;
					};
				};
			};
			buildConfigurationList = 781877CD1CAD052100758D75 /* Build configuration list for PBXProject "Slider_Testing" */;
			compatibilityVersion = "Xcode 3.2";
			developmentRegion = English;
			hasScannedForEncodings = 0;
			knownRegions = (
				en,
				Base,
			);
			mainGroup = 781877C91CAD052100758D75;
			productRefGroup = 781877D31CAD052100758D75 /* Products */;
			projectDirPath = "";
			projectRoot = "";
			targets = (
				781877D11CAD052100758D75 /* Slider_Testing */,
			);
		};
/* End PBXProject section */

/* Begin PBXResourcesBuildPhase section */
		781877D01CAD052100758D75 /* Resources */ = {
			isa = PBXResourcesBuildPhase;
			buildActionMask = 2147483647;
			files = (
				781877F71CAD21BD00758D75 /* ViewController1.xib in Resources */,
				781877F11CAD08E000758D75 /* menu-button.png in Resources */,
				781877E51CAD052100758D75 /* LaunchScreen.storyboard in Resources */,
				781877E21CAD052100758D75 /* Assets.xcassets in Resources */,
				781877F21CAD08E000758D75 /* menu-button@2x.png in Resources */,
				781877E01CAD052100758D75 /* Main.storyboard in Resources */,
				781877FC1CAD21D000758D75 /* ViewController2.xib in Resources */,
			);
			runOnlyForDeploymentPostprocessing = 0;
		};
/* End PBXResourcesBuildPhase section */

/* Begin PBXSourcesBuildPhase section */
		781877CE1CAD052100758D75 /* Sources */ = {
			isa = PBXSourcesBuildPhase;
			buildActionMask = 2147483647;
			files = (
				781877F61CAD21BD00758D75 /* ViewController1.m in Sources */,
				781877DD1CAD052100758D75 /* ViewController.m in Sources */,
				781877DA1CAD052100758D75 /* AppDelegate.m in Sources */,
				781877FF1CAD24A300758D75 /* UINavigationController+Slider.m in Sources */,
				781877D71CAD052100758D75 /* main.m in Sources */,
				781877EE1CAD057D00758D75 /* SlideNavigationController.m in Sources */,
				781877FB1CAD21D000758D75 /* ViewController2.m in Sources */,
			);
			runOnlyForDeploymentPostprocessing = 0;
		};
/* End PBXSourcesBuildPhase section */

/* Begin PBXVariantGroup section */
		781877DE1CAD052100758D75 /* Main.storyboard */ = {
			isa = PBXVariantGroup;
			children = (
				781877DF1CAD052100758D75 /* Base */,
			);
			name = Main.storyboard;
			sourceTree = "<group>";
		};
		781877E31CAD052100758D75 /* LaunchScreen.storyboard */ = {
			isa = PBXVariantGroup;
			children = (
				781877E41CAD052100758D75 /* Base */,
			);
			name = LaunchScreen.storyboard;
			sourceTree = "<group>";
		};
/* End PBXVariantGroup section */

/* Begin XCBuildConfiguration section */
		781877E71CAD052100758D75 /* Debug */ = {
			isa = XCBuildConfiguration;
			buildSettings = {
				ALWAYS_SEARCH_USER_PATHS = NO;
				CLANG_ANALYZER_NONNULL = YES;
				CLANG_CXX_LANGUAGE_STANDARD = "gnu++0x";
				CLANG_CXX_LIBRARY = "libc++";
				CLANG_ENABLE_MODULES = YES;
				CLANG_ENABLE_OBJC_ARC = YES;
				CLANG_WARN_BOOL_CONVERSION = YES;
				CLANG_WARN_CONSTANT_CONVERSION = YES;
				CLANG_WARN_DIRECT_OBJC_ISA_USAGE = YES_ERROR;
				CLANG_WARN_EMPTY_BODY = YES;
				CLANG_WARN_ENUM_CONVERSION = YES;
				CLANG_WARN_INT_CONVERSION = YES;
				CLANG_WARN_OBJC_ROOT_CLASS = YES_ERROR;
				CLANG_WARN_UNREACHABLE_CODE = YES;
				CLANG_WARN__DUPLICATE_METHOD_MATCH = YES;
				"CODE_SIGN_IDENTITY[sdk=iphoneos*]" = "iPhone Developer";
				COPY_PHASE_STRIP = NO;
				DEBUG_INFORMATION_FORMAT = dwarf;
				ENABLE_STRICT_OBJC_MSGSEND = YES;
				ENABLE_TESTABILITY = YES;
				GCC_C_LANGUAGE_STANDARD = gnu99;
				GCC_DYNAMIC_NO_PIC = NO;
				GCC_NO_COMMON_BLOCKS = YES;
				GCC_OPTIMIZATION_LEVEL = 0;
				GCC_PREPROCESSOR_DEFINITIONS = (
					"DEBUG=1",
					"$(inherited)",
				);
				GCC_WARN_64_TO_32_BIT_CONVERSION = YES;
				GCC_WARN_ABOUT_RETURN_TYPE = YES_ERROR;
				GCC_WARN_UNDECLARED_SELECTOR = YES;
				GCC_WARN_UNINITIALIZED_AUTOS = YES_AGGRESSIVE;
				GCC_WARN_UNUSED_FUNCTION = YES;
				GCC_WARN_UNUSED_VARIABLE = YES;
				IPHONEOS_DEPLOYMENT_TARGET = 9.3;
				MTL_ENABLE_DEBUG_INFO = YES;
				ONLY_ACTIVE_ARCH = YES;
				SDKROOT = iphoneos;
			};
			name = Debug;
		};
		781877E81CAD052100758D75 /* Release */ = {
			isa = XCBuildConfiguration;
			buildSettings = {
				ALWAYS_SEARCH_USER_PATHS = NO;
				CLANG_ANALYZER_NONNULL = YES;
				CLANG_CXX_LANGUAGE_STANDARD = "gnu++0x";
				CLANG_CXX_LIBRARY = "libc++";
				CLANG_ENABLE_MODULES = YES;
				CLANG_ENABLE_OBJC_ARC = YES;
				CLANG_WARN_BOOL_CONVERSION = YES;
				CLANG_WARN_CONSTANT_CONVERSION = YES;
				CLANG_WARN_DIRECT_OBJC_ISA_USAGE = YES_ERROR;
				CLANG_WARN_EMPTY_BODY = YES;
				CLANG_WARN_ENUM_CONVERSION = YES;
				CLANG_WARN_INT_CONVERSION = YES;
				CLANG_WARN_OBJC_ROOT_CLASS = YES_ERROR;
				CLANG_WARN_UNREACHABLE_CODE = YES;
				CLANG_WARN__DUPLICATE_METHOD_MATCH = YES;
				"CODE_SIGN_IDENTITY[sdk=iphoneos*]" = "iPhone Developer";
				COPY_PHASE_STRIP = NO;
				DEBUG_INFORMATION_FORMAT = "dwarf-with-dsym";
				ENABLE_NS_ASSERTIONS = NO;
				ENABLE_STRICT_OBJC_MSGSEND = YES;
				GCC_C_LANGUAGE_STANDARD = gnu99;
				GCC_NO_COMMON_BLOCKS = YES;
				GCC_WARN_64_TO_32_BIT_CONVERSION = YES;
				GCC_WARN_ABOUT_RETURN_TYPE = YES_ERROR;
				GCC_WARN_UNDECLARED_SELECTOR = YES;
				GCC_WARN_UNINITIALIZED_AUTOS = YES_AGGRESSIVE;
				GCC_WARN_UNUSED_FUNCTION = YES;
				GCC_WARN_UNUSED_VARIABLE = YES;
				IPHONEOS_DEPLOYMENT_TARGET = 9.3;
				MTL_ENABLE_DEBUG_INFO = NO;
				SDKROOT = iphoneos;
				VALIDATE_PRODUCT = YES;
			};
			name = Release;
		};
		781877EA1CAD052100758D75 /* Debug */ = {
			isa = XCBuildConfiguration;
			buildSettings = {
				ASSETCATALOG_COMPILER_APPICON_NAME = AppIcon;
				INFOPLIST_FILE = Slider_Testing/Info.plist;
				LD_RUNPATH_SEARCH_PATHS = "$(inherited) @executable_path/Frameworks";
				PRODUCT_BUNDLE_IDENTIFIER = "WC.Slider-Testing";
				PRODUCT_NAME = "$(TARGET_NAME)";
			};
			name = Debug;
		};
		781877EB1CAD052100758D75 /* Release */ = {
			isa = XCBuildConfiguration;
			buildSettings = {
				ASSETCATALOG_COMPILER_APPICON_NAME = AppIcon;
				INFOPLIST_FILE = Slider_Testing/Info.plist;
				LD_RUNPATH_SEARCH_PATHS = "$(inherited) @executable_path/Frameworks";
				PRODUCT_BUNDLE_IDENTIFIER = "WC.Slider-Testing";
				PRODUCT_NAME = "$(TARGET_NAME)";
			};
			name = Release;
		};
/* End XCBuildConfiguration section */

/* Begin XCConfigurationList section */
		781877CD1CAD052100758D75 /* Build configuration list for PBXProject "Slider_Testing" */ = {
			isa = XCConfigurationList;
			buildConfigurations = (
				781877E71CAD052100758D75 /* Debug */,
				781877E81CAD052100758D75 /* Release */,
			);
			defaultConfigurationIsVisible = 0;
			defaultConfigurationName = Release;
		};
		781877E91CAD052100758D75 /* Build configuration list for PBXNativeTarget "Slider_Testing" */ = {
			isa = XCConfigurationList;
			buildConfigurations = (
				781877EA1CAD052100758D75 /* Debug */,
				781877EB1CAD052100758D75 /* Release */,
			);
			defaultConfigurationIsVisible = 0;
		};
/* End XCConfigurationList section */
	};
	rootObject = 781877CA1CAD052100758D75 /* Project object */;
}
